{
  "requires": true,
  "lockfileVersion": 1,
  "dependencies": {
    "swiffy-slider": {
      "version": "1.1.0",
      "resolved": "https://registry.npmjs.org/swiffy-slider/-/swiffy-slider-1.1.0.tgz",
      "integrity": "sha512-i+aQxwhI6KqcdgWMLZOLI0fr3OwmRuOVMwVvIddmBqir01aBe45mliP6TkZOsVFxTaopJ7EdX0XiL4nNbn6CNQ=="
    }
  }
}
